
Microsoft Visual Studio Solution File, Format Version 12.00
# Visual Studio 14
VisualStudioVersion = 14.0.25420.1
MinimumVisualStudioVersion = 10.0.40219.1
Project("{FAE04EC0-301F-11D3-BF4B-00C04F79EFBC}") = "Ex11TueExtensionMethods", "Ex11TueExtensionMethods\Ex11TueExtensionMethods.csproj", "{733EB2F1-7110-4CC7-BF42-733C4EEA9FD3}"
EndProject
Global
	GlobalSection(SolutionConfigurationPlatforms) = preSolution
		Debug|Any CPU = Debug|Any CPU
		Release|Any CPU = Release|Any CPU
	EndGlobalSection
	GlobalSection(ProjectConfigurationPlatforms) = postSolution
		{733EB2F1-7110-4CC7-BF42-733C4EEA9FD3}.Debug|Any CPU.ActiveCfg = Debug|Any CPU
		{733EB2F1-7110-4CC7-BF42-733C4EEA9FD3}.Debug|Any CPU.Build.0 = Debug|Any CPU
		{733EB2F1-7110-4CC7-BF42-733C4EEA9FD3}.Release|Any CPU.ActiveCfg = Release|Any CPU
		{733EB2F1-7110-4CC7-BF42-733C4EEA9FD3}.Release|Any CPU.Build.0 = Release|Any CPU
	EndGlobalSection
	GlobalSection(SolutionProperties) = preSolution
		HideSolutionNode = FALSE
	EndGlobalSection
EndGlobal
